
Microsoft Visual Studio Solution File, Format Version 12.00
# Visual Studio Version 17
VisualStudioVersion = 17.12.35527.113 d17.12
MinimumVisualStudioVersion = 10.0.40219.1
Project("{8BC9CEB8-8B4A-11D0-8D11-00A0C91BC942}") = "January22_2436", "January22_2436\January22_2436.vcxproj", "{89F904EC-5D10-4E84-A063-F6D046AEB9B2}"
EndProject
Global
	GlobalSection(SolutionConfigurationPlatforms) = preSolution
		Debug|x64 = Debug|x64
		Debug|x86 = Debug|x86
		Release|x64 = Release|x64
		Release|x86 = Release|x86
	EndGlobalSection
	GlobalSection(ProjectConfigurationPlatforms) = postSolution
		{89F904EC-5D10-4E84-A063-F6D046AEB9B2}.Debug|x64.ActiveCfg = Debug|x64
		{89F904EC-5D10-4E84-A063-F6D046AEB9B2}.Debug|x64.Build.0 = Debug|x64
		{89F904EC-5D10-4E84-A063-F6D046AEB9B2}.Debug|x86.ActiveCfg = Debug|Win32
		{89F904EC-5D10-4E84-A063-F6D046AEB9B2}.Debug|x86.Build.0 = Debug|Win32
		{89F904EC-5D10-4E84-A063-F6D046AEB9B2}.Release|x64.ActiveCfg = Release|x64
		{89F904EC-5D10-4E84-A063-F6D046AEB9B2}.Release|x64.Build.0 = Release|x64
		{89F904EC-5D10-4E84-A063-F6D046AEB9B2}.Release|x86.ActiveCfg = Release|Win32
		{89F904EC-5D10-4E84-A063-F6D046AEB9B2}.Release|x86.Build.0 = Release|Win32
	EndGlobalSection
	GlobalSection(SolutionProperties) = preSolution
		HideSolutionNode = FALSE
	EndGlobalSection
EndGlobal
